{
  "name": "gyanshala_app",
  "lockfileVersion": 3,
  "requires": true,
  "packages": {
    "": {
      "devDependencies": {
        "supabase": "^2.89.1"
      }
    },
    "node_modules/@supabase/cli-darwin-arm64": {
      "version": "2.101.0",
      "resolved": "https://registry.npmjs.org/@supabase/cli-darwin-arm64/-/cli-darwin-arm64-2.101.0.tgz",
      "integrity": "sha512-SoWYzu2CIE+rADWsZH6H0YZYF8nV2YMelZLbjAqzahb5RRgFOTMWGhKCUj6g4KlNvocUnU19JObUJ7oCx/9aHg==",
      "cpu": [
        "arm64"
      ],
      "dev": true,
      "license": "MIT",
      "optional": true,
      "os": [
        "darwin"
      ]
    },
    "node_modules/@supabase/cli-darwin-x64": {
      "version": "2.101.0",
      "resolved": "https://registry.npmjs.org/@supabase/cli-darwin-x64/-/cli-darwin-x64-2.101.0.tgz",
      "integrity": "sha512-rPES03BF9KYkirq3X1Yll+T+eORueRvC858Yp2+2aQMvB4qxi6k+WI+ilCQ7NGzOJ3G0jl/ZG/KsSjZIa4AJ6g==",
      "cpu": [
        "x64"
      ],
      "dev": true,
      "license": "MIT",
      "optional": true,
      "os": [
        "darwin"
      ]
    },
    "node_modules/@supabase/cli-linux-arm64": {
      "version": "2.101.0",
      "resolved": "https://registry.npmjs.org/@supabase/cli-linux-arm64/-/cli-linux-arm64-2.101.0.tgz",
      "integrity": "sha512-E+hN1GRIFEi+U1Jf4Omw/gjwpSRTpJ5jai58tQana15AaXt3GCoG7z2YzWVnzD/mvAubTqA7SLHsV+A2lcdTGQ==",
      "cpu": [
        "arm64"
      ],
      "dev": true,
      "libc": [
        "glibc"
      ],
      "license": "MIT",
      "optional": true,
      "os": [
        "linux"
      ]
    },
    "node_modules/@supabase/cli-linux-arm64-musl": {
      "version": "2.101.0",
      "resolved": "https://registry.npmjs.org/@supabase/cli-linux-arm64-musl/-/cli-linux-arm64-musl-2.101.0.tgz",
      "integrity": "sha512-B5JFFKKpJLLMwn8vWUB7j5euZPytiDOLo9WYXp0mshg45OaFKjRcDImSzBzx4k0W8MK2x75rFEURca90Ic60Ug==",
      "cpu": [
        "arm64"
      ],
      "dev": true,
      "libc": [
        "musl"
      ],
      "license": "MIT",
      "optional": true,
      "os": [
        "linux"
      ]
    },
    "node_modules/@supabase/cli-linux-x64": {
      "version": "2.101.0",
      "resolved": "https://registry.npmjs.org/@supabase/cli-linux-x64/-/cli-linux-x64-2.101.0.tgz",
      "integrity": "sha512-7iU9uA+8pbmW5uz+yGxU0fM83a+8SH/gtKmSSRZrOu9vIGcugg9gLbN9GlWkG5P7I7wEjnoVKb7Jzea6onSeQA==",
      "cpu": [
        "x64"
      ],
      "dev": true,
      "libc": [
        "glibc"
      ],
      "license": "MIT",
      "optional": true,
      "os": [
        "linux"
      ]
    },
    "node_modules/@supabase/cli-linux-x64-musl": {
      "version": "2.101.0",
      "resolved": "https://registry.npmjs.org/@supabase/cli-linux-x64-musl/-/cli-linux-x64-musl-2.101.0.tgz",
      "integrity": "sha512-pr9Ar1/aVaQVqjNSfwRgXHWJznQTIaxblGO+hKIl9k55Ajahiq8GConCwx6DjX1Wa9VW//5Dji+O0pkmFSfcHw==",
      "cpu": [
        "x64"
      ],
      "dev": true,
      "libc": [
        "musl"
      ],
      "license": "MIT",
      "optional": true,
      "os": [
        "linux"
      ]
    },
    "node_modules/@supabase/cli-windows-arm64": {
      "version": "2.101.0",
      "resolved": "https://registry.npmjs.org/@supabase/cli-windows-arm64/-/cli-windows-arm64-2.101.0.tgz",
      "integrity": "sha512-mSnFDhTIAe9cr1iifv+DTQzpY/0WphywED2YT3yMGeu94jjxrXrreQkywxEaeSXTnc4ys1umtnWOB1CaBlYKag==",
      "cpu": [
        "arm64"
      ],
      "dev": true,
      "license": "MIT",
      "optional": true,
      "os": [
        "win32"
      ]
    },
    "node_modules/@supabase/cli-windows-x64": {
      "version": "2.101.0",
      "resolved": "https://registry.npmjs.org/@supabase/cli-windows-x64/-/cli-windows-x64-2.101.0.tgz",
      "integrity": "sha512-xzZpybVWq62VF102abZr1EP3BbA2bYecwYm3G2dJk+6ua7nAIodu1fiGHAvBSR0BLGQmesNb6KCneawNL3XBsQ==",
      "cpu": [
        "x64"
      ],
      "dev": true,
      "license": "MIT",
      "optional": true,
      "os": [
        "win32"
      ]
    },
    "node_modules/supabase": {
      "version": "2.101.0",
      "resolved": "https://registry.npmjs.org/supabase/-/supabase-2.101.0.tgz",
      "integrity": "sha512-9wqlvXGeI+VjOMUKOGEpcZzTJGLia6IOv8LWN3W2u8F6Xiv4ZqAuTuXCp3MWfkhV5x9KQaBtN5d6IiLEMWzkJA==",
      "dev": true,
      "license": "MIT",
      "bin": {
        "supabase": "dist/supabase.js"
      },
      "optionalDependencies": {
        "@supabase/cli-darwin-arm64": "2.101.0",
        "@supabase/cli-darwin-x64": "2.101.0",
        "@supabase/cli-linux-arm64": "2.101.0",
        "@supabase/cli-linux-arm64-musl": "2.101.0",
        "@supabase/cli-linux-x64": "2.101.0",
        "@supabase/cli-linux-x64-musl": "2.101.0",
        "@supabase/cli-windows-arm64": "2.101.0",
        "@supabase/cli-windows-x64": "2.101.0"
      }
    }
  }
}
